
Microsoft Visual Studio Solution File, Format Version 12.00
# Visual Studio Version 17
VisualStudioVersion = 17.14.36414.22 d17.14
MinimumVisualStudioVersion = 10.0.40219.1
Project("{FAE04EC0-301F-11D3-BF4B-00C04F79EFBC}") = "INF04DomekM.Android", "INF04DomekM\INF04DomekM.Android\INF04DomekM.Android.csproj", "{77BE5B21-F606-40CE-ADDE-FF0A69C3F3F2}"
EndProject
Project("{FAE04EC0-301F-11D3-BF4B-00C04F79EFBC}") = "INF04DomekM", "INF04DomekM\INF04DomekM\INF04DomekM.csproj", "{06FE4E13-5F8C-4CF8-BB7A-142006B6E169}"
EndProject
Global
	GlobalSection(SolutionConfigurationPlatforms) = preSolution
		Debug|Any CPU = Debug|Any CPU
		Release|Any CPU = Release|Any CPU
	EndGlobalSection
	GlobalSection(ProjectConfigurationPlatforms) = postSolution
		{77BE5B21-F606-40CE-ADDE-FF0A69C3F3F2}.Debug|Any CPU.ActiveCfg = Debug|Any CPU
		{77BE5B21-F606-40CE-ADDE-FF0A69C3F3F2}.Debug|Any CPU.Build.0 = Debug|Any CPU
		{77BE5B21-F606-40CE-ADDE-FF0A69C3F3F2}.Debug|Any CPU.Deploy.0 = Debug|Any CPU
		{77BE5B21-F606-40CE-ADDE-FF0A69C3F3F2}.Release|Any CPU.ActiveCfg = Release|Any CPU
		{77BE5B21-F606-40CE-ADDE-FF0A69C3F3F2}.Release|Any CPU.Build.0 = Release|Any CPU
		{77BE5B21-F606-40CE-ADDE-FF0A69C3F3F2}.Release|Any CPU.Deploy.0 = Release|Any CPU
		{06FE4E13-5F8C-4CF8-BB7A-142006B6E169}.Debug|Any CPU.ActiveCfg = Debug|Any CPU
		{06FE4E13-5F8C-4CF8-BB7A-142006B6E169}.Debug|Any CPU.Build.0 = Debug|Any CPU
		{06FE4E13-5F8C-4CF8-BB7A-142006B6E169}.Debug|Any CPU.Deploy.0 = Debug|Any CPU
		{06FE4E13-5F8C-4CF8-BB7A-142006B6E169}.Release|Any CPU.ActiveCfg = Release|Any CPU
		{06FE4E13-5F8C-4CF8-BB7A-142006B6E169}.Release|Any CPU.Build.0 = Release|Any CPU
		{06FE4E13-5F8C-4CF8-BB7A-142006B6E169}.Release|Any CPU.Deploy.0 = Release|Any CPU
	EndGlobalSection
	GlobalSection(SolutionProperties) = preSolution
		HideSolutionNode = FALSE
	EndGlobalSection
	GlobalSection(ExtensibilityGlobals) = postSolution
		SolutionGuid = {6210AEB0-FC6C-4D90-A653-08BD1BF7AF33}
	EndGlobalSection
EndGlobal
