
Microsoft Visual Studio Solution File, Format Version 12.00
# Visual Studio Version 17
VisualStudioVersion = 17.14.36414.22 d17.14
MinimumVisualStudioVersion = 10.0.40219.1
Project("{FAE04EC0-301F-11D3-BF4B-00C04F79EFBC}") = "INF04CzcionkaM", "INF04CzcionkaM\INF04CzcionkaM.csproj", "{22EFF866-8883-402B-83B5-A3C06A91099B}"
EndProject
Global
	GlobalSection(SolutionConfigurationPlatforms) = preSolution
		Debug|Any CPU = Debug|Any CPU
		Release|Any CPU = Release|Any CPU
	EndGlobalSection
	GlobalSection(ProjectConfigurationPlatforms) = postSolution
		{22EFF866-8883-402B-83B5-A3C06A91099B}.Debug|Any CPU.ActiveCfg = Debug|Any CPU
		{22EFF866-8883-402B-83B5-A3C06A91099B}.Debug|Any CPU.Build.0 = Debug|Any CPU
		{22EFF866-8883-402B-83B5-A3C06A91099B}.Release|Any CPU.ActiveCfg = Release|Any CPU
		{22EFF866-8883-402B-83B5-A3C06A91099B}.Release|Any CPU.Build.0 = Release|Any CPU
	EndGlobalSection
	GlobalSection(SolutionProperties) = preSolution
		HideSolutionNode = FALSE
	EndGlobalSection
	GlobalSection(ExtensibilityGlobals) = postSolution
		SolutionGuid = {20828F66-0FCB-452E-B9CB-AA37A6316925}
	EndGlobalSection
EndGlobal
