
Microsoft Visual Studio Solution File, Format Version 12.00
# Visual Studio Version 17
VisualStudioVersion = 17.14.36414.22 d17.14
MinimumVisualStudioVersion = 10.0.40219.1
Project("{FAE04EC0-301F-11D3-BF4B-00C04F79EFBC}") = "INF04CzcionkaK", "INF04CzcionkaK\INF04CzcionkaK.csproj", "{6B2E5A90-A934-42DF-A1E4-4696452681B7}"
EndProject
Project("{FAE04EC0-301F-11D3-BF4B-00C04F79EFBC}") = "INF04BBSortUT", "INF04BBSortUT\INF04BBSortUT.csproj", "{ABC418C2-02F3-48AC-8C8B-921BFD0BEC5B}"
EndProject
Global
	GlobalSection(SolutionConfigurationPlatforms) = preSolution
		Debug|Any CPU = Debug|Any CPU
		Release|Any CPU = Release|Any CPU
	EndGlobalSection
	GlobalSection(ProjectConfigurationPlatforms) = postSolution
		{6B2E5A90-A934-42DF-A1E4-4696452681B7}.Debug|Any CPU.ActiveCfg = Debug|Any CPU
		{6B2E5A90-A934-42DF-A1E4-4696452681B7}.Debug|Any CPU.Build.0 = Debug|Any CPU
		{6B2E5A90-A934-42DF-A1E4-4696452681B7}.Release|Any CPU.ActiveCfg = Release|Any CPU
		{6B2E5A90-A934-42DF-A1E4-4696452681B7}.Release|Any CPU.Build.0 = Release|Any CPU
		{ABC418C2-02F3-48AC-8C8B-921BFD0BEC5B}.Debug|Any CPU.ActiveCfg = Debug|Any CPU
		{ABC418C2-02F3-48AC-8C8B-921BFD0BEC5B}.Debug|Any CPU.Build.0 = Debug|Any CPU
		{ABC418C2-02F3-48AC-8C8B-921BFD0BEC5B}.Release|Any CPU.ActiveCfg = Release|Any CPU
		{ABC418C2-02F3-48AC-8C8B-921BFD0BEC5B}.Release|Any CPU.Build.0 = Release|Any CPU
	EndGlobalSection
	GlobalSection(SolutionProperties) = preSolution
		HideSolutionNode = FALSE
	EndGlobalSection
	GlobalSection(ExtensibilityGlobals) = postSolution
		SolutionGuid = {2236595D-DA9B-41F0-82FD-F23674219CEB}
	EndGlobalSection
EndGlobal
